// !$*UTF8*$!
{
	archiveVersion = 1;
	classes = {
	};
	objectVersion = 50;
	objects = {

/* Begin PBXBuildFile section */
		678FD03E26358F3100373809 /* UI_167App.swift in Sources */ = {isa = PBXBuildFile; fileRef = 678FD03D26358F3100373809 /* UI_167App.swift */; };
		678FD04026358F3100373809 /* ContentView.swift in Sources */ = {isa = PBXBuildFile; fileRef = 678FD03F26358F3100373809 /* ContentView.swift */; };
		678FD04226358F3200373809 /* Assets.xcassets in Resources */ = {isa = PBXBuildFile; fileRef = 678FD04126358F3200373809 /* Assets.xcassets */; };
		678FD04526358F3200373809 /* Preview Assets.xcassets in Resources */ = {isa = PBXBuildFile; fileRef = 678FD04426358F3200373809 /* Preview Assets.xcassets */; };
		678FD0542635981B00373809 /* Card.swift in Sources */ = {isa = PBXBuildFile; fileRef = 678FD0532635981B00373809 /* Card.swift */; };
		678FD0582635984800373809 /* CardView.swift in Sources */ = {isa = PBXBuildFile; fileRef = 678FD0572635984800373809 /* CardView.swift */; };
		678FD05B2635A9DE00373809 /* PulsView.swift in Sources */ = {isa = PBXBuildFile; fileRef = 678FD05A2635A9DE00373809 /* PulsView.swift */; };
/* End PBXBuildFile section */

/* Begin PBXFileReference section */
		678FD03A26358F3100373809 /* UI-167.app */ = {isa = PBXFileReference; explicitFileType = wrapper.application; includeInIndex = 0; path = "UI-167.app"; sourceTree = BUILT_PRODUCTS_DIR; };
		678FD03D26358F3100373809 /* UI_167App.swift */ = {isa = PBXFileReference; lastKnownFileType = sourcecode.swift; path = UI_167App.swift; sourceTree = "<group>"; };
		678FD03F26358F3100373809 /* ContentView.swift */ = {isa = PBXFileReference; lastKnownFileType = sourcecode.swift; path = ContentView.swift; sourceTree = "<group>"; };
		678FD04126358F3200373809 /* Assets.xcassets */ = {isa = PBXFileReference; lastKnownFileType = folder.assetcatalog; path = Assets.xcassets; sourceTree = "<group>"; };
		678FD04426358F3200373809 /* Preview Assets.xcassets */ = {isa = PBXFileReference; lastKnownFileType = folder.assetcatalog; path = "Preview Assets.xcassets"; sourceTree = "<group>"; };
		678FD04626358F3200373809 /* Info.plist */ = {isa = PBXFileReference; lastKnownFileType = text.plist.xml; path = Info.plist; sourceTree = "<group>"; };
		678FD0532635981B00373809 /* Card.swift */ = {isa = PBXFileReference; lastKnownFileType = sourcecode.swift; path = Card.swift; sourceTree = "<group>"; };
		678FD0572635984800373809 /* CardView.swift */ = {isa = PBXFileReference; lastKnownFileType = sourcecode.swift; path = CardView.swift; sourceTree = "<group>"; };
		678FD05A2635A9DE00373809 /* PulsView.swift */ = {isa = PBXFileReference; lastKnownFileType = sourcecode.swift; path = PulsView.swift; sourceTree = "<group>"; };
/* End PBXFileReference section */

/* Begin PBXFrameworksBuildPhase section */
		678FD03726358F3100373809 /* Frameworks */ = {
			isa = PBXFrameworksBuildPhase;
			buildActionMask = 2147483647;
			files = (
			);
			runOnlyForDeploymentPostprocessing = 0;
		};
/* End PBXFrameworksBuildPhase section */

/* Begin PBXGroup section */
		678FD03126358F3100373809 = {
			isa = PBXGroup;
			children = (
				678FD03C26358F3100373809 /* UI-167 */,
				678FD03B26358F3100373809 /* Products */,
			);
			sourceTree = "<group>";
		};
		678FD03B26358F3100373809 /* Products */ = {
			isa = PBXGroup;
			children = (
				678FD03A26358F3100373809 /* UI-167.app */,
			);
			name = Products;
			sourceTree = "<group>";
		};
		678FD03C26358F3100373809 /* UI-167 */ = {
			isa = PBXGroup;
			children = (
				678FD052263597F100373809 /* Model */,
				678FD051263597EC00373809 /* View */,
				678FD03D26358F3100373809 /* UI_167App.swift */,
				678FD03F26358F3100373809 /* ContentView.swift */,
				678FD04126358F3200373809 /* Assets.xcassets */,
				678FD04626358F3200373809 /* Info.plist */,
				678FD04326358F3200373809 /* Preview Content */,
			);
			path = "UI-167";
			sourceTree = "<group>";
		};
		678FD04326358F3200373809 /* Preview Content */ = {
			isa = PBXGroup;
			children = (
				678FD04426358F3200373809 /* Preview Assets.xcassets */,
			);
			path = "Preview Content";
			sourceTree = "<group>";
		};
		678FD051263597EC00373809 /* View */ = {
			isa = PBXGroup;
			children = (
				678FD0572635984800373809 /* CardView.swift */,
				678FD05A2635A9DE00373809 /* PulsView.swift */,
			);
			path = View;
			sourceTree = "<group>";
		};
		678FD052263597F100373809 /* Model */ = {
			isa = PBXGroup;
			children = (
				678FD0532635981B00373809 /* Card.swift */,
			);
			path = Model;
			sourceTree = "<group>";
		};
/* End PBXGroup section */

/* Begin PBXNativeTarget section */
		678FD03926358F3100373809 /* UI-167 */ = {
			isa = PBXNativeTarget;
			buildConfigurationList = 678FD04926358F3200373809 /* Build configuration list for PBXNativeTarget "UI-167" */;
			buildPhases = (
				678FD03626358F3100373809 /* Sources */,
				678FD03726358F3100373809 /* Frameworks */,
				678FD03826358F3100373809 /* Resources */,
			);
			buildRules = (
			);
			dependencies = (
			);
			name = "UI-167";
			productName = "UI-167";
			productReference = 678FD03A26358F3100373809 /* UI-167.app */;
			productType = "com.apple.product-type.application";
		};
/* End PBXNativeTarget section */

/* Begin PBXProject section */
		678FD03226358F3100373809 /* Project object */ = {
			isa = PBXProject;
			attributes = {
				LastSwiftUpdateCheck = 1240;
				LastUpgradeCheck = 1240;
				TargetAttributes = {
					678FD03926358F3100373809 = {
						CreatedOnToolsVersion = 12.4;
					};
				};
			};
			buildConfigurationList = 678FD03526358F3100373809 /* Build configuration list for PBXProject "UI-167" */;
			compatibilityVersion = "Xcode 9.3";
			developmentRegion = en;
			hasScannedForEncodings = 0;
			knownRegions = (
				en,
				Base,
			);
			mainGroup = 678FD03126358F3100373809;
			productRefGroup = 678FD03B26358F3100373809 /* Products */;
			projectDirPath = "";
			projectRoot = "";
			targets = (
				678FD03926358F3100373809 /* UI-167 */,
			);
		};
/* End PBXProject section */

/* Begin PBXResourcesBuildPhase section */
		678FD03826358F3100373809 /* Resources */ = {
			isa = PBXResourcesBuildPhase;
			buildActionMask = 2147483647;
			files = (
				678FD04526358F3200373809 /* Preview Assets.xcassets in Resources */,
				678FD04226358F3200373809 /* Assets.xcassets in Resources */,
			);
			runOnlyForDeploymentPostprocessing = 0;
		};
/* End PBXResourcesBuildPhase section */

/* Begin PBXSourcesBuildPhase section */
		678FD03626358F3100373809 /* Sources */ = {
			isa = PBXSourcesBuildPhase;
			buildActionMask = 2147483647;
			files = (
				678FD04026358F3100373809 /* ContentView.swift in Sources */,
				678FD0542635981B00373809 /* Card.swift in Sources */,
				678FD05B2635A9DE00373809 /* PulsView.swift in Sources */,
				678FD0582635984800373809 /* CardView.swift in Sources */,
				678FD03E26358F3100373809 /* UI_167App.swift in Sources */,
			);
			runOnlyForDeploymentPostprocessing = 0;
		};
/* End PBXSourcesBuildPhase section */

/* Begin XCBuildConfiguration section */
		678FD04726358F3200373809 /* Debug */ = {
			isa = XCBuildConfiguration;
			buildSettings = {
				ALWAYS_SEARCH_USER_PATHS = NO;
				CLANG_ANALYZER_NONNULL = YES;
				CLANG_ANALYZER_NUMBER_OBJECT_CONVERSION = YES_AGGRESSIVE;
				CLANG_CXX_LANGUAGE_STANDARD = "gnu++14";
				CLANG_CXX_LIBRARY = "libc++";
				CLANG_ENABLE_MODULES = YES;
				CLANG_ENABLE_OBJC_ARC = YES;
				CLANG_ENABLE_OBJC_WEAK = YES;
				CLANG_WARN_BLOCK_CAPTURE_AUTORELEASING = YES;
				CLANG_WARN_BOOL_CONVERSION = YES;
				CLANG_WARN_COMMA = YES;
				CLANG_WARN_CONSTANT_CONVERSION = YES;
				CLANG_WARN_DEPRECATED_OBJC_IMPLEMENTATIONS = YES;
				CLANG_WARN_DIRECT_OBJC_ISA_USAGE = YES_ERROR;
				CLANG_WARN_DOCUMENTATION_COMMENTS = YES;
				CLANG_WARN_EMPTY_BODY = YES;
				CLANG_WARN_ENUM_CONVERSION = YES;
				CLANG_WARN_INFINITE_RECURSION = YES;
				CLANG_WARN_INT_CONVERSION = YES;
				CLANG_WARN_NON_LITERAL_NULL_CONVERSION = YES;
				CLANG_WARN_OBJC_IMPLICIT_RETAIN_SELF = YES;
				CLANG_WARN_OBJC_LITERAL_CONVERSION = YES;
				CLANG_WARN_OBJC_ROOT_CLASS = YES_ERROR;
				CLANG_WARN_QUOTED_INCLUDE_IN_FRAMEWORK_HEADER = YES;
				CLANG_WARN_RANGE_LOOP_ANALYSIS = YES;
				CLANG_WARN_STRICT_PROTOTYPES = YES;
				CLANG_WARN_SUSPICIOUS_MOVE = YES;
				CLANG_WARN_UNGUARDED_AVAILABILITY = YES_AGGRESSIVE;
				CLANG_WARN_UNREACHABLE_CODE = YES;
				CLANG_WARN__DUPLICATE_METHOD_MATCH = YES;
				COPY_PHASE_STRIP = NO;
				DEBUG_INFORMATION_FORMAT = dwarf;
				ENABLE_STRICT_OBJC_MSGSEND = YES;
				ENABLE_TESTABILITY = YES;
				GCC_C_LANGUAGE_STANDARD = gnu11;
				GCC_DYNAMIC_NO_PIC = NO;
				GCC_NO_COMMON_BLOCKS = YES;
				GCC_OPTIMIZATION_LEVEL = 0;
				GCC_PREPROCESSOR_DEFINITIONS = (
					"DEBUG=1",
					"$(inherited)",
				);
				GCC_WARN_64_TO_32_BIT_CONVERSION = YES;
				GCC_WARN_ABOUT_RETURN_TYPE = YES_ERROR;
				GCC_WARN_UNDECLARED_SELECTOR = YES;
				GCC_WARN_UNINITIALIZED_AUTOS = YES_AGGRESSIVE;
				GCC_WARN_UNUSED_FUNCTION = YES;
				GCC_WARN_UNUSED_VARIABLE = YES;
				IPHONEOS_DEPLOYMENT_TARGET = 14.4;
				MTL_ENABLE_DEBUG_INFO = INCLUDE_SOURCE;
				MTL_FAST_MATH = YES;
				ONLY_ACTIVE_ARCH = YES;
				SDKROOT = iphoneos;
				SWIFT_ACTIVE_COMPILATION_CONDITIONS = DEBUG;
				SWIFT_OPTIMIZATION_LEVEL = "-Onone";
			};
			name = Debug;
		};
		678FD04826358F3200373809 /* Release */ = {
			isa = XCBuildConfiguration;
			buildSettings = {
				ALWAYS_SEARCH_USER_PATHS = NO;
				CLANG_ANALYZER_NONNULL = YES;
				CLANG_ANALYZER_NUMBER_OBJECT_CONVERSION = YES_AGGRESSIVE;
				CLANG_CXX_LANGUAGE_STANDARD = "gnu++14";
				CLANG_CXX_LIBRARY = "libc++";
				CLANG_ENABLE_MODULES = YES;
				CLANG_ENABLE_OBJC_ARC = YES;
				CLANG_ENABLE_OBJC_WEAK = YES;
				CLANG_WARN_BLOCK_CAPTURE_AUTORELEASING = YES;
				CLANG_WARN_BOOL_CONVERSION = YES;
				CLANG_WARN_COMMA = YES;
				CLANG_WARN_CONSTANT_CONVERSION = YES;
				CLANG_WARN_DEPRECATED_OBJC_IMPLEMENTATIONS = YES;
				CLANG_WARN_DIRECT_OBJC_ISA_USAGE = YES_ERROR;
				CLANG_WARN_DOCUMENTATION_COMMENTS = YES;
				CLANG_WARN_EMPTY_BODY = YES;
				CLANG_WARN_ENUM_CONVERSION = YES;
				CLANG_WARN_INFINITE_RECURSION = YES;
				CLANG_WARN_INT_CONVERSION = YES;
				CLANG_WARN_NON_LITERAL_NULL_CONVERSION = YES;
				CLANG_WARN_OBJC_IMPLICIT_RETAIN_SELF = YES;
				CLANG_WARN_OBJC_LITERAL_CONVERSION = YES;
				CLANG_WARN_OBJC_ROOT_CLASS = YES_ERROR;
				CLANG_WARN_QUOTED_INCLUDE_IN_FRAMEWORK_HEADER = YES;
				CLANG_WARN_RANGE_LOOP_ANALYSIS = YES;
				CLANG_WARN_STRICT_PROTOTYPES = YES;
				CLANG_WARN_SUSPICIOUS_MOVE = YES;
				CLANG_WARN_UNGUARDED_AVAILABILITY = YES_AGGRESSIVE;
				CLANG_WARN_UNREACHABLE_CODE = YES;
				CLANG_WARN__DUPLICATE_METHOD_MATCH = YES;
				COPY_PHASE_STRIP = NO;
				DEBUG_INFORMATION_FORMAT = "dwarf-with-dsym";
				ENABLE_NS_ASSERTIONS = NO;
				ENABLE_STRICT_OBJC_MSGSEND = YES;
				GCC_C_LANGUAGE_STANDARD = gnu11;
				GCC_NO_COMMON_BLOCKS = YES;
				GCC_WARN_64_TO_32_BIT_CONVERSION = YES;
				GCC_WARN_ABOUT_RETURN_TYPE = YES_ERROR;
				GCC_WARN_UNDECLARED_SELECTOR = YES;
				GCC_WARN_UNINITIALIZED_AUTOS = YES_AGGRESSIVE;
				GCC_WARN_UNUSED_FUNCTION = YES;
				GCC_WARN_UNUSED_VARIABLE = YES;
				IPHONEOS_DEPLOYMENT_TARGET = 14.4;
				MTL_ENABLE_DEBUG_INFO = NO;
				MTL_FAST_MATH = YES;
				SDKROOT = iphoneos;
				SWIFT_COMPILATION_MODE = wholemodule;
				SWIFT_OPTIMIZATION_LEVEL = "-O";
				VALIDATE_PRODUCT = YES;
			};
			name = Release;
		};
		678FD04A26358F3200373809 /* Debug */ = {
			isa = XCBuildConfiguration;
			buildSettings = {
				ASSETCATALOG_COMPILER_APPICON_NAME = AppIcon;
				ASSETCATALOG_COMPILER_GLOBAL_ACCENT_COLOR_NAME = AccentColor;
				CODE_SIGN_STYLE = Automatic;
				DEVELOPMENT_ASSET_PATHS = "\"UI-167/Preview Content\"";
				ENABLE_PREVIEWS = YES;
				INFOPLIST_FILE = "UI-167/Info.plist";
				IPHONEOS_DEPLOYMENT_TARGET = 14.0;
				LD_RUNPATH_SEARCH_PATHS = (
					"$(inherited)",
					"@executable_path/Frameworks",
				);
				PRODUCT_BUNDLE_IDENTIFIER = "com.uzu.UI-167";
				PRODUCT_NAME = "$(TARGET_NAME)";
				SWIFT_VERSION = 5.0;
				TARGETED_DEVICE_FAMILY = "1,2";
			};
			name = Debug;
		};
		678FD04B26358F3200373809 /* Release */ = {
			isa = XCBuildConfiguration;
			buildSettings = {
				ASSETCATALOG_COMPILER_APPICON_NAME = AppIcon;
				ASSETCATALOG_COMPILER_GLOBAL_ACCENT_COLOR_NAME = AccentColor;
				CODE_SIGN_STYLE = Automatic;
				DEVELOPMENT_ASSET_PATHS = "\"UI-167/Preview Content\"";
				ENABLE_PREVIEWS = YES;
				INFOPLIST_FILE = "UI-167/Info.plist";
				IPHONEOS_DEPLOYMENT_TARGET = 14.0;
				LD_RUNPATH_SEARCH_PATHS = (
					"$(inherited)",
					"@executable_path/Frameworks",
				);
				PRODUCT_BUNDLE_IDENTIFIER = "com.uzu.UI-167";
				PRODUCT_NAME = "$(TARGET_NAME)";
				SWIFT_VERSION = 5.0;
				TARGETED_DEVICE_FAMILY = "1,2";
			};
			name = Release;
		};
/* End XCBuildConfiguration section */

/* Begin XCConfigurationList section */
		678FD03526358F3100373809 /* Build configuration list for PBXProject "UI-167" */ = {
			isa = XCConfigurationList;
			buildConfigurations = (
				678FD04726358F3200373809 /* Debug */,
				678FD04826358F3200373809 /* Release */,
			);
			defaultConfigurationIsVisible = 0;
			defaultConfigurationName = Release;
		};
		678FD04926358F3200373809 /* Build configuration list for PBXNativeTarget "UI-167" */ = {
			isa = XCConfigurationList;
			buildConfigurations = (
				678FD04A26358F3200373809 /* Debug */,
				678FD04B26358F3200373809 /* Release */,
			);
			defaultConfigurationIsVisible = 0;
			defaultConfigurationName = Release;
		};
/* End XCConfigurationList section */
	};
	rootObject = 678FD03226358F3100373809 /* Project object */;
}
